Microsoft Visual Studio Solution File, Format Version 12.00
# Visual Studio Version 17
VisualStudioVersion = 17.14.36109.1 d17.14
MinimumVisualStudioVersion = 10.0.40219.1
Project("{FAE04EC0-301F-11D3-BF4B-00C04F79EFBC}") = "DulceControl", "DulceControl\DulceControl.csproj", "{463B9319-8ADF-4886-89B0-238B825F5E66}"
EndProject
Project("{FAE04EC0-301F-11D3-BF4B-00C04F79EFBC}") = "DulceControl.Droid", "DulceControl.Droid\DulceControl.Droid.csproj", "{E02C8721-3384-4807-AD07-F0F4E1A37E5E}"
EndProject
Project("{FAE04EC0-301F-11D3-BF4B-00C04F79EFBC}") = "DulceControl.iOS", "DulceControl.iOS\DulceControl.iOS.csproj", "{000B52A3-10D6-4A65-A2AD-E173795CF0DC}"
EndProject
Project("{FAE04EC0-301F-11D3-BF4B-00C04F79EFBC}") = "DulceControl.Mac", "DulceControl.Mac\DulceControl.Mac.csproj", "{CC063903-5AE6-41AC-B512-480B81D1FE03}"
EndProject
Project("{FAE04EC0-301F-11D3-BF4B-00C04F79EFBC}") = "DulceControl.WinUI", "DulceControl.WinUI\DulceControl.WinUI.csproj", "{6ACF7B73-DE47-405B-B81D-FF14F11009CC}"
EndProject
Global
	GlobalSection(SolutionConfigurationPlatforms) = preSolution
		Debug|Any CPU = Debug|Any CPU
		Release|Any CPU = Release|Any CPU
	EndGlobalSection
	GlobalSection(ProjectConfigurationPlatforms) = postSolution
		{463B9319-8ADF-4886-89B0-238B825F5E66}.Debug|Any CPU.ActiveCfg = Debug|Any CPU
		{463B9319-8ADF-4886-89B0-238B825F5E66}.Debug|Any CPU.Build.0 = Debug|Any CPU
		{463B9319-8ADF-4886-89B0-238B825F5E66}.Release|Any CPU.ActiveCfg = Release|Any CPU
		{463B9319-8ADF-4886-89B0-238B825F5E66}.Release|Any CPU.Build.0 = Release|Any CPU
		{E02C8721-3384-4807-AD07-F0F4E1A37E5E}.Debug|Any CPU.ActiveCfg = Debug|Any CPU
		{E02C8721-3384-4807-AD07-F0F4E1A37E5E}.Debug|Any CPU.Build.0 = Debug|Any CPU
		{E02C8721-3384-4807-AD07-F0F4E1A37E5E}.Debug|Any CPU.Deploy.0 = Debug|Any CPU
		{E02C8721-3384-4807-AD07-F0F4E1A37E5E}.Release|Any CPU.ActiveCfg = Release|Any CPU
		{E02C8721-3384-4807-AD07-F0F4E1A37E5E}.Release|Any CPU.Build.0 = Release|Any CPU
		{E02C8721-3384-4807-AD07-F0F4E1A37E5E}.Release|Any CPU.Deploy.0 = Release|Any CPU
		{000B52A3-10D6-4A65-A2AD-E173795CF0DC}.Debug|Any CPU.ActiveCfg = Debug|Any CPU
		{000B52A3-10D6-4A65-A2AD-E173795CF0DC}.Debug|Any CPU.Build.0 = Debug|Any CPU
		{000B52A3-10D6-4A65-A2AD-E173795CF0DC}.Debug|Any CPU.Deploy.0 = Debug|Any CPU
		{000B52A3-10D6-4A65-A2AD-E173795CF0DC}.Release|Any CPU.ActiveCfg = Release|Any CPU
		{000B52A3-10D6-4A65-A2AD-E173795CF0DC}.Release|Any CPU.Build.0 = Release|Any CPU
		{000B52A3-10D6-4A65-A2AD-E173795CF0DC}.Release|Any CPU.Deploy.0 = Release|Any CPU
		{CC063903-5AE6-41AC-B512-480B81D1FE03}.Debug|Any CPU.ActiveCfg = Debug|Any CPU
		{CC063903-5AE6-41AC-B512-480B81D1FE03}.Debug|Any CPU.Build.0 = Debug|Any CPU
		{CC063903-5AE6-41AC-B512-480B81D1FE03}.Debug|Any CPU.Deploy.0 = Debug|Any CPU
		{CC063903-5AE6-41AC-B512-480B81D1FE03}.Release|Any CPU.ActiveCfg = Release|Any CPU
		{CC063903-5AE6-41AC-B512-480B81D1FE03}.Release|Any CPU.Build.0 = Release|Any CPU
		{CC063903-5AE6-41AC-B512-480B81D1FE03}.Release|Any CPU.Deploy.0 = Release|Any CPU
		{6ACF7B73-DE47-405B-B81D-FF14F11009CC}.Debug|Any CPU.ActiveCfg = Debug|x64
		{6ACF7B73-DE47-405B-B81D-FF14F11009CC}.Debug|Any CPU.Build.0 = Debug|x64
		{6ACF7B73-DE47-405B-B81D-FF14F11009CC}.Release|Any CPU.ActiveCfg = Release|x64
		{6ACF7B73-DE47-405B-B81D-FF14F11009CC}.Release|Any CPU.Build.0 = Release|x64
	EndGlobalSection
	GlobalSection(SolutionProperties) = preSolution
		HideSolutionNode = FALSE
	EndGlobalSection
	GlobalSection(ExtensibilityGlobals) = postSolution
		SolutionGuid = {151A6B03-11F3-4F5F-A0B1-32A77BA31DD4}
	EndGlobalSection
EndGlobal
